
Microsoft Visual Studio Solution File, Format Version 12.00
# Visual Studio Version 17
VisualStudioVersion = 17.3.32901.215
MinimumVisualStudioVersion = 10.0.40219.1
Project("{9A19103F-16F7-4668-BE54-9A1E7A4F7556}") = "Fundraiser-Web-API", "WebAPI2\Fundraiser-Web-API.csproj", "{4D9B7BB7-F92E-425B-975A-BE6EBEE9730E}"
EndProject
Global
	GlobalSection(SolutionConfigurationPlatforms) = preSolution
		Debug|Any CPU = Debug|Any CPU
		Release|Any CPU = Release|Any CPU
	EndGlobalSection
	GlobalSection(ProjectConfigurationPlatforms) = postSolution
		{4D9B7BB7-F92E-425B-975A-BE6EBEE9730E}.Debug|Any CPU.ActiveCfg = Debug|Any CPU
		{4D9B7BB7-F92E-425B-975A-BE6EBEE9730E}.Debug|Any CPU.Build.0 = Debug|Any CPU
		{4D9B7BB7-F92E-425B-975A-BE6EBEE9730E}.Release|Any CPU.ActiveCfg = Release|Any CPU
		{4D9B7BB7-F92E-425B-975A-BE6EBEE9730E}.Release|Any CPU.Build.0 = Release|Any CPU
	EndGlobalSection
	GlobalSection(SolutionProperties) = preSolution
		HideSolutionNode = FALSE
	EndGlobalSection
	GlobalSection(ExtensibilityGlobals) = postSolution
		SolutionGuid = {6305B4BC-65DF-4C79-B950-5AC7BE474643}
	EndGlobalSection
EndGlobal
